
Microsoft Visual Studio Solution File, Format Version 9.00
# Visual C# Express 2005
Project("{FAE04EC0-301F-11D3-BF4B-00C04F79EFBC}") = "Rotate", "Rotate.csproj", "{B2F57D21-2842-4985-B56D-4488EB38C3D9}"
EndProject
Global
	GlobalSection(SolutionConfigurationPlatforms) = preSolution
		Debug|Any CPU = Debug|Any CPU
		Release|Any CPU = Release|Any CPU
	EndGlobalSection
	GlobalSection(ProjectConfigurationPlatforms) = postSolution
		{B2F57D21-2842-4985-B56D-4488EB38C3D9}.Debug|Any CPU.ActiveCfg = Debug|Any CPU
		{B2F57D21-2842-4985-B56D-4488EB38C3D9}.Debug|Any CPU.Build.0 = Debug|Any CPU
		{B2F57D21-2842-4985-B56D-4488EB38C3D9}.Release|Any CPU.ActiveCfg = Release|Any CPU
		{B2F57D21-2842-4985-B56D-4488EB38C3D9}.Release|Any CPU.Build.0 = Release|Any CPU
	EndGlobalSection
	GlobalSection(SolutionProperties) = preSolution
		HideSolutionNode = FALSE
	EndGlobalSection
EndGlobal
