
Microsoft Visual Studio Solution File, Format Version 12.00
# Visual Studio 14
VisualStudioVersion = 14.0.25420.1
MinimumVisualStudioVersion = 10.0.40219.1
Project("{2150E333-8FDC-42A3-9474-1A3956D46DE8}") = "Solution Items", "Solution Items", "{5F9CA30D-5D8A-45D0-84CE-7192B327609B}"
	ProjectSection(SolutionItems) = preProject
		LocalTestRun.testrunconfig = LocalTestRun.testrunconfig
		PPen1.vsmdi = PPen1.vsmdi
	EndProjectSection
EndProject
Project("{FAE04EC0-301F-11D3-BF4B-00C04F79EFBC}") = "PurplePen", "PurplePen\PurplePen.csproj", "{C1715D94-3BEB-4D86-8402-80A57C9D11C5}"
EndProject
Project("{FAE04EC0-301F-11D3-BF4B-00C04F79EFBC}") = "PurplePen_Tests", "PurplePen_Tests\PurplePen_Tests.csproj", "{0690D25C-7696-4B7A-9AAB-FBBCAFD0EEF5}"
EndProject
Project("{FAE04EC0-301F-11D3-BF4B-00C04F79EFBC}") = "TestUtil", "TestUtil\TestUtil.csproj", "{D50B6E2B-5E20-410D-B033-DEBB6B695E77}"
EndProject
Project("{8BC9CEB8-8B4A-11D0-8D11-00A0C91BC942}") = "Help", "Help\Help.vcxproj", "{9C15B7D2-A01F-49C0-A894-07CD090D01BD}"
EndProject
Project("{6141683F-8A12-4E36-9623-2EB02B2C2303}") = "SetupIS", "SetupIS\SetupIS.isproj", "{D744D873-F772-4E7D-983D-FB580E691343}"
	ProjectSection(ProjectDependencies) = postProject
		{C1715D94-3BEB-4D86-8402-80A57C9D11C5} = {C1715D94-3BEB-4D86-8402-80A57C9D11C5}
		{9C15B7D2-A01F-49C0-A894-07CD090D01BD} = {9C15B7D2-A01F-49C0-A894-07CD090D01BD}
		{67912BDA-1572-46B0-8623-5872D9DADBC8} = {67912BDA-1572-46B0-8623-5872D9DADBC8}
	EndProjectSection
EndProject
Project("{FAE04EC0-301F-11D3-BF4B-00C04F79EFBC}") = "CrashReporter.NET", "CrashReporter.NET\CrashReporter.NET.csproj", "{67912BDA-1572-46B0-8623-5872D9DADBC8}"
EndProject
Project("{FAE04EC0-301F-11D3-BF4B-00C04F79EFBC}") = "PdfConverter", "PdfConverter\PdfConverter.csproj", "{89318625-2F71-4C44-BFB1-8984F4D06152}"
EndProject
Global
	GlobalSection(SolutionConfigurationPlatforms) = preSolution
		CD_ROM|Any CPU = CD_ROM|Any CPU
		CD_ROM|Mixed Platforms = CD_ROM|Mixed Platforms
		CD_ROM|Win32 = CD_ROM|Win32
		CD_ROM|x86 = CD_ROM|x86
		Debug|Any CPU = Debug|Any CPU
		Debug|Mixed Platforms = Debug|Mixed Platforms
		Debug|Win32 = Debug|Win32
		Debug|x86 = Debug|x86
		DVD-5|Any CPU = DVD-5|Any CPU
		DVD-5|Mixed Platforms = DVD-5|Mixed Platforms
		DVD-5|Win32 = DVD-5|Win32
		DVD-5|x86 = DVD-5|x86
		Release|Any CPU = Release|Any CPU
		Release|Mixed Platforms = Release|Mixed Platforms
		Release|Win32 = Release|Win32
		Release|x86 = Release|x86
		SingleImage|Any CPU = SingleImage|Any CPU
		SingleImage|Mixed Platforms = SingleImage|Mixed Platforms
		SingleImage|Win32 = SingleImage|Win32
		SingleImage|x86 = SingleImage|x86
	EndGlobalSection
	GlobalSection(ProjectConfigurationPlatforms) = postSolution
		{C1715D94-3BEB-4D86-8402-80A57C9D11C5}.CD_ROM|Any CPU.ActiveCfg = Release|Any CPU
		{C1715D94-3BEB-4D86-8402-80A57C9D11C5}.CD_ROM|Any CPU.Build.0 = Release|Any CPU
		{C1715D94-3BEB-4D86-8402-80A57C9D11C5}.CD_ROM|Mixed Platforms.ActiveCfg = Release|Any CPU
		{C1715D94-3BEB-4D86-8402-80A57C9D11C5}.CD_ROM|Mixed Platforms.Build.0 = Release|Any CPU
		{C1715D94-3BEB-4D86-8402-80A57C9D11C5}.CD_ROM|Win32.ActiveCfg = Release|Any CPU
		{C1715D94-3BEB-4D86-8402-80A57C9D11C5}.CD_ROM|x86.ActiveCfg = Release|Any CPU
		{C1715D94-3BEB-4D86-8402-80A57C9D11C5}.Debug|Any CPU.ActiveCfg = Debug|Any CPU
		{C1715D94-3BEB-4D86-8402-80A57C9D11C5}.Debug|Any CPU.Build.0 = Debug|Any CPU
		{C1715D94-3BEB-4D86-8402-80A57C9D11C5}.Debug|Mixed Platforms.ActiveCfg = Debug|Any CPU
		{C1715D94-3BEB-4D86-8402-80A57C9D11C5}.Debug|Mixed Platforms.Build.0 = Debug|Any CPU
		{C1715D94-3BEB-4D86-8402-80A57C9D11C5}.Debug|Win32.ActiveCfg = Debug|Any CPU
		{C1715D94-3BEB-4D86-8402-80A57C9D11C5}.Debug|x86.ActiveCfg = Debug|Any CPU
		{C1715D94-3BEB-4D86-8402-80A57C9D11C5}.DVD-5|Any CPU.ActiveCfg = Debug|Any CPU
		{C1715D94-3BEB-4D86-8402-80A57C9D11C5}.DVD-5|Any CPU.Build.0 = Debug|Any CPU
		{C1715D94-3BEB-4D86-8402-80A57C9D11C5}.DVD-5|Mixed Platforms.ActiveCfg = Debug|Any CPU
		{C1715D94-3BEB-4D86-8402-80A57C9D11C5}.DVD-5|Mixed Platforms.Build.0 = Debug|Any CPU
		{C1715D94-3BEB-4D86-8402-80A57C9D11C5}.DVD-5|Win32.ActiveCfg = Debug|Any CPU
		{C1715D94-3BEB-4D86-8402-80A57C9D11C5}.DVD-5|x86.ActiveCfg = Debug|Any CPU
		{C1715D94-3BEB-4D86-8402-80A57C9D11C5}.Release|Any CPU.ActiveCfg = Release|Any CPU
		{C1715D94-3BEB-4D86-8402-80A57C9D11C5}.Release|Any CPU.Build.0 = Release|Any CPU
		{C1715D94-3BEB-4D86-8402-80A57C9D11C5}.Release|Mixed Platforms.ActiveCfg = Release|Any CPU
		{C1715D94-3BEB-4D86-8402-80A57C9D11C5}.Release|Mixed Platforms.Build.0 = Release|Any CPU
		{C1715D94-3BEB-4D86-8402-80A57C9D11C5}.Release|Win32.ActiveCfg = Release|Any CPU
		{C1715D94-3BEB-4D86-8402-80A57C9D11C5}.Release|x86.ActiveCfg = Release|Any CPU
		{C1715D94-3BEB-4D86-8402-80A57C9D11C5}.SingleImage|Any CPU.ActiveCfg = Release|Any CPU
		{C1715D94-3BEB-4D86-8402-80A57C9D11C5}.SingleImage|Any CPU.Build.0 = Release|Any CPU
		{C1715D94-3BEB-4D86-8402-80A57C9D11C5}.SingleImage|Mixed Platforms.ActiveCfg = Release|Any CPU
		{C1715D94-3BEB-4D86-8402-80A57C9D11C5}.SingleImage|Mixed Platforms.Build.0 = Release|Any CPU
		{C1715D94-3BEB-4D86-8402-80A57C9D11C5}.SingleImage|Win32.ActiveCfg = Release|Any CPU
		{C1715D94-3BEB-4D86-8402-80A57C9D11C5}.SingleImage|x86.ActiveCfg = Release|Any CPU
		{0690D25C-7696-4B7A-9AAB-FBBCAFD0EEF5}.CD_ROM|Any CPU.ActiveCfg = Release|Any CPU
		{0690D25C-7696-4B7A-9AAB-FBBCAFD0EEF5}.CD_ROM|Any CPU.Build.0 = Release|Any CPU
		{0690D25C-7696-4B7A-9AAB-FBBCAFD0EEF5}.CD_ROM|Mixed Platforms.ActiveCfg = Release|Any CPU
		{0690D25C-7696-4B7A-9AAB-FBBCAFD0EEF5}.CD_ROM|Mixed Platforms.Build.0 = Release|Any CPU
		{0690D25C-7696-4B7A-9AAB-FBBCAFD0EEF5}.CD_ROM|Win32.ActiveCfg = Release|Any CPU
		{0690D25C-7696-4B7A-9AAB-FBBCAFD0EEF5}.CD_ROM|x86.ActiveCfg = Release|Any CPU
		{0690D25C-7696-4B7A-9AAB-FBBCAFD0EEF5}.Debug|Any CPU.ActiveCfg = Debug|Any CPU
		{0690D25C-7696-4B7A-9AAB-FBBCAFD0EEF5}.Debug|Any CPU.Build.0 = Debug|Any CPU
		{0690D25C-7696-4B7A-9AAB-FBBCAFD0EEF5}.Debug|Mixed Platforms.ActiveCfg = Debug|Any CPU
		{0690D25C-7696-4B7A-9AAB-FBBCAFD0EEF5}.Debug|Mixed Platforms.Build.0 = Debug|Any CPU
		{0690D25C-7696-4B7A-9AAB-FBBCAFD0EEF5}.Debug|Win32.ActiveCfg = Debug|Any CPU
		{0690D25C-7696-4B7A-9AAB-FBBCAFD0EEF5}.Debug|x86.ActiveCfg = Debug|Any CPU
		{0690D25C-7696-4B7A-9AAB-FBBCAFD0EEF5}.DVD-5|Any CPU.ActiveCfg = Debug|Any CPU
		{0690D25C-7696-4B7A-9AAB-FBBCAFD0EEF5}.DVD-5|Any CPU.Build.0 = Debug|Any CPU
		{0690D25C-7696-4B7A-9AAB-FBBCAFD0EEF5}.DVD-5|Mixed Platforms.ActiveCfg = Debug|Any CPU
		{0690D25C-7696-4B7A-9AAB-FBBCAFD0EEF5}.DVD-5|Mixed Platforms.Build.0 = Debug|Any CPU
		{0690D25C-7696-4B7A-9AAB-FBBCAFD0EEF5}.DVD-5|Win32.ActiveCfg = Debug|Any CPU
		{0690D25C-7696-4B7A-9AAB-FBBCAFD0EEF5}.DVD-5|x86.ActiveCfg = Debug|Any CPU
		{0690D25C-7696-4B7A-9AAB-FBBCAFD0EEF5}.Release|Any CPU.ActiveCfg = Release|Any CPU
		{0690D25C-7696-4B7A-9AAB-FBBCAFD0EEF5}.Release|Any CPU.Build.0 = Release|Any CPU
		{0690D25C-7696-4B7A-9AAB-FBBCAFD0EEF5}.Release|Mixed Platforms.ActiveCfg = Release|Any CPU
		{0690D25C-7696-4B7A-9AAB-FBBCAFD0EEF5}.Release|Mixed Platforms.Build.0 = Release|Any CPU
		{0690D25C-7696-4B7A-9AAB-FBBCAFD0EEF5}.Release|Win32.ActiveCfg = Release|Any CPU
		{0690D25C-7696-4B7A-9AAB-FBBCAFD0EEF5}.Release|x86.ActiveCfg = Release|Any CPU
		{0690D25C-7696-4B7A-9AAB-FBBCAFD0EEF5}.SingleImage|Any CPU.ActiveCfg = Release|Any CPU
		{0690D25C-7696-4B7A-9AAB-FBBCAFD0EEF5}.SingleImage|Any CPU.Build.0 = Release|Any CPU
		{0690D25C-7696-4B7A-9AAB-FBBCAFD0EEF5}.SingleImage|Mixed Platforms.ActiveCfg = Release|Any CPU
		{0690D25C-7696-4B7A-9AAB-FBBCAFD0EEF5}.SingleImage|Mixed Platforms.Build.0 = Release|Any CPU
		{0690D25C-7696-4B7A-9AAB-FBBCAFD0EEF5}.SingleImage|Win32.ActiveCfg = Release|Any CPU
		{0690D25C-7696-4B7A-9AAB-FBBCAFD0EEF5}.SingleImage|x86.ActiveCfg = Release|Any CPU
		{D50B6E2B-5E20-410D-B033-DEBB6B695E77}.CD_ROM|Any CPU.ActiveCfg = Release|Any CPU
		{D50B6E2B-5E20-410D-B033-DEBB6B695E77}.CD_ROM|Any CPU.Build.0 = Release|Any CPU
		{D50B6E2B-5E20-410D-B033-DEBB6B695E77}.CD_ROM|Mixed Platforms.ActiveCfg = Release|Any CPU
		{D50B6E2B-5E20-410D-B033-DEBB6B695E77}.CD_ROM|Mixed Platforms.Build.0 = Release|Any CPU
		{D50B6E2B-5E20-410D-B033-DEBB6B695E77}.CD_ROM|Win32.ActiveCfg = Release|Any CPU
		{D50B6E2B-5E20-410D-B033-DEBB6B695E77}.CD_ROM|x86.ActiveCfg = Release|Any CPU
		{D50B6E2B-5E20-410D-B033-DEBB6B695E77}.Debug|Any CPU.ActiveCfg = Debug|Any CPU
		{D50B6E2B-5E20-410D-B033-DEBB6B695E77}.Debug|Any CPU.Build.0 = Debug|Any CPU
		{D50B6E2B-5E20-410D-B033-DEBB6B695E77}.Debug|Mixed Platforms.ActiveCfg = Debug|Any CPU
		{D50B6E2B-5E20-410D-B033-DEBB6B695E77}.Debug|Mixed Platforms.Build.0 = Debug|Any CPU
		{D50B6E2B-5E20-410D-B033-DEBB6B695E77}.Debug|Win32.ActiveCfg = Debug|Any CPU
		{D50B6E2B-5E20-410D-B033-DEBB6B695E77}.Debug|x86.ActiveCfg = Debug|Any CPU
		{D50B6E2B-5E20-410D-B033-DEBB6B695E77}.DVD-5|Any CPU.ActiveCfg = Debug|Any CPU
		{D50B6E2B-5E20-410D-B033-DEBB6B695E77}.DVD-5|Any CPU.Build.0 = Debug|Any CPU
		{D50B6E2B-5E20-410D-B033-DEBB6B695E77}.DVD-5|Mixed Platforms.ActiveCfg = Debug|Any CPU
		{D50B6E2B-5E20-410D-B033-DEBB6B695E77}.DVD-5|Mixed Platforms.Build.0 = Debug|Any CPU
		{D50B6E2B-5E20-410D-B033-DEBB6B695E77}.DVD-5|Win32.ActiveCfg = Debug|Any CPU
		{D50B6E2B-5E20-410D-B033-DEBB6B695E77}.DVD-5|x86.ActiveCfg = Debug|Any CPU
		{D50B6E2B-5E20-410D-B033-DEBB6B695E77}.Release|Any CPU.ActiveCfg = Release|Any CPU
		{D50B6E2B-5E20-410D-B033-DEBB6B695E77}.Release|Any CPU.Build.0 = Release|Any CPU
		{D50B6E2B-5E20-410D-B033-DEBB6B695E77}.Release|Mixed Platforms.ActiveCfg = Release|Any CPU
		{D50B6E2B-5E20-410D-B033-DEBB6B695E77}.Release|Mixed Platforms.Build.0 = Release|Any CPU
		{D50B6E2B-5E20-410D-B033-DEBB6B695E77}.Release|Win32.ActiveCfg = Release|Any CPU
		{D50B6E2B-5E20-410D-B033-DEBB6B695E77}.Release|x86.ActiveCfg = Release|Any CPU
		{D50B6E2B-5E20-410D-B033-DEBB6B695E77}.SingleImage|Any CPU.ActiveCfg = Release|Any CPU
		{D50B6E2B-5E20-410D-B033-DEBB6B695E77}.SingleImage|Any CPU.Build.0 = Release|Any CPU
		{D50B6E2B-5E20-410D-B033-DEBB6B695E77}.SingleImage|Mixed Platforms.ActiveCfg = Release|Any CPU
		{D50B6E2B-5E20-410D-B033-DEBB6B695E77}.SingleImage|Mixed Platforms.Build.0 = Release|Any CPU
		{D50B6E2B-5E20-410D-B033-DEBB6B695E77}.SingleImage|Win32.ActiveCfg = Release|Any CPU
		{D50B6E2B-5E20-410D-B033-DEBB6B695E77}.SingleImage|x86.ActiveCfg = Release|Any CPU
		{9C15B7D2-A01F-49C0-A894-07CD090D01BD}.CD_ROM|Any CPU.ActiveCfg = Release|Win32
		{9C15B7D2-A01F-49C0-A894-07CD090D01BD}.CD_ROM|Mixed Platforms.ActiveCfg = Release|Win32
		{9C15B7D2-A01F-49C0-A894-07CD090D01BD}.CD_ROM|Mixed Platforms.Build.0 = Release|Win32
		{9C15B7D2-A01F-49C0-A894-07CD090D01BD}.CD_ROM|Win32.ActiveCfg = Release|Win32
		{9C15B7D2-A01F-49C0-A894-07CD090D01BD}.CD_ROM|Win32.Build.0 = Release|Win32
		{9C15B7D2-A01F-49C0-A894-07CD090D01BD}.CD_ROM|x86.ActiveCfg = Release|Win32
		{9C15B7D2-A01F-49C0-A894-07CD090D01BD}.Debug|Any CPU.ActiveCfg = Debug|Win32
		{9C15B7D2-A01F-49C0-A894-07CD090D01BD}.Debug|Mixed Platforms.ActiveCfg = Debug|Win32
		{9C15B7D2-A01F-49C0-A894-07CD090D01BD}.Debug|Win32.ActiveCfg = Debug|Win32
		{9C15B7D2-A01F-49C0-A894-07CD090D01BD}.Debug|Win32.Build.0 = Debug|Win32
		{9C15B7D2-A01F-49C0-A894-07CD090D01BD}.Debug|x86.ActiveCfg = Debug|Win32
		{9C15B7D2-A01F-49C0-A894-07CD090D01BD}.DVD-5|Any CPU.ActiveCfg = Debug|Win32
		{9C15B7D2-A01F-49C0-A894-07CD090D01BD}.DVD-5|Mixed Platforms.ActiveCfg = Debug|Win32
		{9C15B7D2-A01F-49C0-A894-07CD090D01BD}.DVD-5|Mixed Platforms.Build.0 = Debug|Win32
		{9C15B7D2-A01F-49C0-A894-07CD090D01BD}.DVD-5|Win32.ActiveCfg = Debug|Win32
		{9C15B7D2-A01F-49C0-A894-07CD090D01BD}.DVD-5|Win32.Build.0 = Debug|Win32
		{9C15B7D2-A01F-49C0-A894-07CD090D01BD}.DVD-5|x86.ActiveCfg = Debug|Win32
		{9C15B7D2-A01F-49C0-A894-07CD090D01BD}.Release|Any CPU.ActiveCfg = Release|Win32
		{9C15B7D2-A01F-49C0-A894-07CD090D01BD}.Release|Any CPU.Build.0 = Release|Win32
		{9C15B7D2-A01F-49C0-A894-07CD090D01BD}.Release|Mixed Platforms.ActiveCfg = Release|Win32
		{9C15B7D2-A01F-49C0-A894-07CD090D01BD}.Release|Mixed Platforms.Build.0 = Release|Win32
		{9C15B7D2-A01F-49C0-A894-07CD090D01BD}.Release|Win32.ActiveCfg = Release|Win32
		{9C15B7D2-A01F-49C0-A894-07CD090D01BD}.Release|Win32.Build.0 = Release|Win32
		{9C15B7D2-A01F-49C0-A894-07CD090D01BD}.Release|x86.ActiveCfg = Release|Win32
		{9C15B7D2-A01F-49C0-A894-07CD090D01BD}.SingleImage|Any CPU.ActiveCfg = Release|Win32
		{9C15B7D2-A01F-49C0-A894-07CD090D01BD}.SingleImage|Mixed Platforms.ActiveCfg = Release|Win32
		{9C15B7D2-A01F-49C0-A894-07CD090D01BD}.SingleImage|Mixed Platforms.Build.0 = Release|Win32
		{9C15B7D2-A01F-49C0-A894-07CD090D01BD}.SingleImage|Win32.ActiveCfg = Release|Win32
		{9C15B7D2-A01F-49C0-A894-07CD090D01BD}.SingleImage|Win32.Build.0 = Release|Win32
		{9C15B7D2-A01F-49C0-A894-07CD090D01BD}.SingleImage|x86.ActiveCfg = Release|Win32
		{D744D873-F772-4E7D-983D-FB580E691343}.CD_ROM|Any CPU.ActiveCfg = CD_ROM
		{D744D873-F772-4E7D-983D-FB580E691343}.CD_ROM|Any CPU.Build.0 = CD_ROM
		{D744D873-F772-4E7D-983D-FB580E691343}.CD_ROM|Mixed Platforms.ActiveCfg = CD_ROM
		{D744D873-F772-4E7D-983D-FB580E691343}.CD_ROM|Mixed Platforms.Build.0 = CD_ROM
		{D744D873-F772-4E7D-983D-FB580E691343}.CD_ROM|Win32.ActiveCfg = CD_ROM
		{D744D873-F772-4E7D-983D-FB580E691343}.CD_ROM|Win32.Build.0 = CD_ROM
		{D744D873-F772-4E7D-983D-FB580E691343}.CD_ROM|x86.ActiveCfg = CD_ROM
		{D744D873-F772-4E7D-983D-FB580E691343}.CD_ROM|x86.Build.0 = CD_ROM
		{D744D873-F772-4E7D-983D-FB580E691343}.Debug|Any CPU.ActiveCfg = DVD-5
		{D744D873-F772-4E7D-983D-FB580E691343}.Debug|Mixed Platforms.ActiveCfg = DVD-5
		{D744D873-F772-4E7D-983D-FB580E691343}.Debug|Win32.ActiveCfg = DVD-5
		{D744D873-F772-4E7D-983D-FB580E691343}.Debug|Win32.Build.0 = DVD-5
		{D744D873-F772-4E7D-983D-FB580E691343}.Debug|x86.ActiveCfg = DVD-5
		{D744D873-F772-4E7D-983D-FB580E691343}.Debug|x86.Build.0 = DVD-5
		{D744D873-F772-4E7D-983D-FB580E691343}.DVD-5|Any CPU.ActiveCfg = DVD-5
		{D744D873-F772-4E7D-983D-FB580E691343}.DVD-5|Any CPU.Build.0 = DVD-5
		{D744D873-F772-4E7D-983D-FB580E691343}.DVD-5|Mixed Platforms.ActiveCfg = DVD-5
		{D744D873-F772-4E7D-983D-FB580E691343}.DVD-5|Mixed Platforms.Build.0 = DVD-5
		{D744D873-F772-4E7D-983D-FB580E691343}.DVD-5|Win32.ActiveCfg = DVD-5
		{D744D873-F772-4E7D-983D-FB580E691343}.DVD-5|Win32.Build.0 = DVD-5
		{D744D873-F772-4E7D-983D-FB580E691343}.DVD-5|x86.ActiveCfg = DVD-5
		{D744D873-F772-4E7D-983D-FB580E691343}.DVD-5|x86.Build.0 = DVD-5
		{D744D873-F772-4E7D-983D-FB580E691343}.Release|Any CPU.ActiveCfg = SingleImage
		{D744D873-F772-4E7D-983D-FB580E691343}.Release|Any CPU.Build.0 = SingleImage
		{D744D873-F772-4E7D-983D-FB580E691343}.Release|Mixed Platforms.ActiveCfg = SingleImage
		{D744D873-F772-4E7D-983D-FB580E691343}.Release|Mixed Platforms.Build.0 = SingleImage
		{D744D873-F772-4E7D-983D-FB580E691343}.Release|Win32.ActiveCfg = SingleImage
		{D744D873-F772-4E7D-983D-FB580E691343}.Release|Win32.Build.0 = SingleImage
		{D744D873-F772-4E7D-983D-FB580E691343}.Release|x86.ActiveCfg = SingleImage
		{D744D873-F772-4E7D-983D-FB580E691343}.Release|x86.Build.0 = SingleImage
		{D744D873-F772-4E7D-983D-FB580E691343}.SingleImage|Any CPU.ActiveCfg = SingleImage
		{D744D873-F772-4E7D-983D-FB580E691343}.SingleImage|Any CPU.Build.0 = SingleImage
		{D744D873-F772-4E7D-983D-FB580E691343}.SingleImage|Mixed Platforms.ActiveCfg = SingleImage
		{D744D873-F772-4E7D-983D-FB580E691343}.SingleImage|Mixed Platforms.Build.0 = SingleImage
		{D744D873-F772-4E7D-983D-FB580E691343}.SingleImage|Win32.ActiveCfg = SingleImage
		{D744D873-F772-4E7D-983D-FB580E691343}.SingleImage|Win32.Build.0 = SingleImage
		{D744D873-F772-4E7D-983D-FB580E691343}.SingleImage|x86.ActiveCfg = SingleImage
		{D744D873-F772-4E7D-983D-FB580E691343}.SingleImage|x86.Build.0 = SingleImage
		{67912BDA-1572-46B0-8623-5872D9DADBC8}.CD_ROM|Any CPU.ActiveCfg = Release|Any CPU
		{67912BDA-1572-46B0-8623-5872D9DADBC8}.CD_ROM|Any CPU.Build.0 = Release|Any CPU
		{67912BDA-1572-46B0-8623-5872D9DADBC8}.CD_ROM|Mixed Platforms.ActiveCfg = Release|Any CPU
		{67912BDA-1572-46B0-8623-5872D9DADBC8}.CD_ROM|Mixed Platforms.Build.0 = Release|Any CPU
		{67912BDA-1572-46B0-8623-5872D9DADBC8}.CD_ROM|Win32.ActiveCfg = Release|Any CPU
		{67912BDA-1572-46B0-8623-5872D9DADBC8}.CD_ROM|x86.ActiveCfg = Release|Any CPU
		{67912BDA-1572-46B0-8623-5872D9DADBC8}.Debug|Any CPU.ActiveCfg = Debug|Any CPU
		{67912BDA-1572-46B0-8623-5872D9DADBC8}.Debug|Any CPU.Build.0 = Debug|Any CPU
		{67912BDA-1572-46B0-8623-5872D9DADBC8}.Debug|Mixed Platforms.ActiveCfg = Debug|Any CPU
		{67912BDA-1572-46B0-8623-5872D9DADBC8}.Debug|Mixed Platforms.Build.0 = Debug|Any CPU
		{67912BDA-1572-46B0-8623-5872D9DADBC8}.Debug|Win32.ActiveCfg = Debug|Any CPU
		{67912BDA-1572-46B0-8623-5872D9DADBC8}.Debug|x86.ActiveCfg = Debug|Any CPU
		{67912BDA-1572-46B0-8623-5872D9DADBC8}.DVD-5|Any CPU.ActiveCfg = Debug|Any CPU
		{67912BDA-1572-46B0-8623-5872D9DADBC8}.DVD-5|Any CPU.Build.0 = Debug|Any CPU
		{67912BDA-1572-46B0-8623-5872D9DADBC8}.DVD-5|Mixed Platforms.ActiveCfg = Debug|Any CPU
		{67912BDA-1572-46B0-8623-5872D9DADBC8}.DVD-5|Mixed Platforms.Build.0 = Debug|Any CPU
		{67912BDA-1572-46B0-8623-5872D9DADBC8}.DVD-5|Win32.ActiveCfg = Debug|Any CPU
		{67912BDA-1572-46B0-8623-5872D9DADBC8}.DVD-5|x86.ActiveCfg = Debug|Any CPU
		{67912BDA-1572-46B0-8623-5872D9DADBC8}.Release|Any CPU.ActiveCfg = Release|Any CPU
		{67912BDA-1572-46B0-8623-5872D9DADBC8}.Release|Any CPU.Build.0 = Release|Any CPU
		{67912BDA-1572-46B0-8623-5872D9DADBC8}.Release|Mixed Platforms.ActiveCfg = Release|Any CPU
		{67912BDA-1572-46B0-8623-5872D9DADBC8}.Release|Mixed Platforms.Build.0 = Release|Any CPU
		{67912BDA-1572-46B0-8623-5872D9DADBC8}.Release|Win32.ActiveCfg = Release|Any CPU
		{67912BDA-1572-46B0-8623-5872D9DADBC8}.Release|x86.ActiveCfg = Release|Any CPU
		{67912BDA-1572-46B0-8623-5872D9DADBC8}.SingleImage|Any CPU.ActiveCfg = Release|Any CPU
		{67912BDA-1572-46B0-8623-5872D9DADBC8}.SingleImage|Any CPU.Build.0 = Release|Any CPU
		{67912BDA-1572-46B0-8623-5872D9DADBC8}.SingleImage|Mixed Platforms.ActiveCfg = Release|Any CPU
		{67912BDA-1572-46B0-8623-5872D9DADBC8}.SingleImage|Mixed Platforms.Build.0 = Release|Any CPU
		{67912BDA-1572-46B0-8623-5872D9DADBC8}.SingleImage|Win32.ActiveCfg = Release|Any CPU
		{67912BDA-1572-46B0-8623-5872D9DADBC8}.SingleImage|x86.ActiveCfg = Release|Any CPU
		{89318625-2F71-4C44-BFB1-8984F4D06152}.CD_ROM|Any CPU.ActiveCfg = Release|Any CPU
		{89318625-2F71-4C44-BFB1-8984F4D06152}.CD_ROM|Any CPU.Build.0 = Release|Any CPU
		{89318625-2F71-4C44-BFB1-8984F4D06152}.CD_ROM|Mixed Platforms.ActiveCfg = Release|Any CPU
		{89318625-2F71-4C44-BFB1-8984F4D06152}.CD_ROM|Mixed Platforms.Build.0 = Release|Any CPU
		{89318625-2F71-4C44-BFB1-8984F4D06152}.CD_ROM|Win32.ActiveCfg = Release|Any CPU
		{89318625-2F71-4C44-BFB1-8984F4D06152}.CD_ROM|Win32.Build.0 = Release|Any CPU
		{89318625-2F71-4C44-BFB1-8984F4D06152}.CD_ROM|x86.ActiveCfg = Release|Any CPU
		{89318625-2F71-4C44-BFB1-8984F4D06152}.CD_ROM|x86.Build.0 = Release|Any CPU
		{89318625-2F71-4C44-BFB1-8984F4D06152}.Debug|Any CPU.ActiveCfg = Debug|Any CPU
		{89318625-2F71-4C44-BFB1-8984F4D06152}.Debug|Any CPU.Build.0 = Debug|Any CPU
		{89318625-2F71-4C44-BFB1-8984F4D06152}.Debug|Mixed Platforms.ActiveCfg = Debug|Any CPU
		{89318625-2F71-4C44-BFB1-8984F4D06152}.Debug|Mixed Platforms.Build.0 = Debug|Any CPU
		{89318625-2F71-4C44-BFB1-8984F4D06152}.Debug|Win32.ActiveCfg = Debug|Any CPU
		{89318625-2F71-4C44-BFB1-8984F4D06152}.Debug|Win32.Build.0 = Debug|Any CPU
		{89318625-2F71-4C44-BFB1-8984F4D06152}.Debug|x86.ActiveCfg = Debug|Any CPU
		{89318625-2F71-4C44-BFB1-8984F4D06152}.Debug|x86.Build.0 = Debug|Any CPU
		{89318625-2F71-4C44-BFB1-8984F4D06152}.DVD-5|Any CPU.ActiveCfg = Debug|Any CPU
		{89318625-2F71-4C44-BFB1-8984F4D06152}.DVD-5|Any CPU.Build.0 = Debug|Any CPU
		{89318625-2F71-4C44-BFB1-8984F4D06152}.DVD-5|Mixed Platforms.ActiveCfg = Debug|Any CPU
		{89318625-2F71-4C44-BFB1-8984F4D06152}.DVD-5|Mixed Platforms.Build.0 = Debug|Any CPU
		{89318625-2F71-4C44-BFB1-8984F4D06152}.DVD-5|Win32.ActiveCfg = Debug|Any CPU
		{89318625-2F71-4C44-BFB1-8984F4D06152}.DVD-5|Win32.Build.0 = Debug|Any CPU
		{89318625-2F71-4C44-BFB1-8984F4D06152}.DVD-5|x86.ActiveCfg = Debug|Any CPU
		{89318625-2F71-4C44-BFB1-8984F4D06152}.DVD-5|x86.Build.0 = Debug|Any CPU
		{89318625-2F71-4C44-BFB1-8984F4D06152}.Release|Any CPU.ActiveCfg = Release|Any CPU
		{89318625-2F71-4C44-BFB1-8984F4D06152}.Release|Any CPU.Build.0 = Release|Any CPU
		{89318625-2F71-4C44-BFB1-8984F4D06152}.Release|Mixed Platforms.ActiveCfg = Release|Any CPU
		{89318625-2F71-4C44-BFB1-8984F4D06152}.Release|Mixed Platforms.Build.0 = Release|Any CPU
		{89318625-2F71-4C44-BFB1-8984F4D06152}.Release|Win32.ActiveCfg = Release|Any CPU
		{89318625-2F71-4C44-BFB1-8984F4D06152}.Release|Win32.Build.0 = Release|Any CPU
		{89318625-2F71-4C44-BFB1-8984F4D06152}.Release|x86.ActiveCfg = Release|Any CPU
		{89318625-2F71-4C44-BFB1-8984F4D06152}.Release|x86.Build.0 = Release|Any CPU
		{89318625-2F71-4C44-BFB1-8984F4D06152}.SingleImage|Any CPU.ActiveCfg = Release|Any CPU
		{89318625-2F71-4C44-BFB1-8984F4D06152}.SingleImage|Any CPU.Build.0 = Release|Any CPU
		{89318625-2F71-4C44-BFB1-8984F4D06152}.SingleImage|Mixed Platforms.ActiveCfg = Release|Any CPU
		{89318625-2F71-4C44-BFB1-8984F4D06152}.SingleImage|Mixed Platforms.Build.0 = Release|Any CPU
		{89318625-2F71-4C44-BFB1-8984F4D06152}.SingleImage|Win32.ActiveCfg = Release|Any CPU
		{89318625-2F71-4C44-BFB1-8984F4D06152}.SingleImage|Win32.Build.0 = Release|Any CPU
		{89318625-2F71-4C44-BFB1-8984F4D06152}.SingleImage|x86.ActiveCfg = Release|Any CPU
		{89318625-2F71-4C44-BFB1-8984F4D06152}.SingleImage|x86.Build.0 = Release|Any CPU
	EndGlobalSection
	GlobalSection(SolutionProperties) = preSolution
		HideSolutionNode = FALSE
	EndGlobalSection
	GlobalSection(TestCaseManagementSettings) = postSolution
		CategoryFile = PPen1.vsmdi
	EndGlobalSection
EndGlobal
