
Microsoft Visual Studio Solution File, Format Version 11.00
# Visual Studio 2010
Project("{2150E333-8FDC-42A3-9474-1A3956D46DE8}") = "Solution Items", "Solution Items", "{5F9CA30D-5D8A-45D0-84CE-7192B327609B}"
	ProjectSection(SolutionItems) = preProject
		LocalTestRun.testrunconfig = LocalTestRun.testrunconfig
		PPen1.vsmdi = PPen1.vsmdi
	EndProjectSection
EndProject
Project("{FAE04EC0-301F-11D3-BF4B-00C04F79EFBC}") = "PurplePen", "PurplePen\PurplePen.csproj", "{C1715D94-3BEB-4D86-8402-80A57C9D11C5}"
EndProject
Project("{FAE04EC0-301F-11D3-BF4B-00C04F79EFBC}") = "PurplePen_Tests", "PurplePen_Tests\PurplePen_Tests.csproj", "{0690D25C-7696-4B7A-9AAB-FBBCAFD0EEF5}"
EndProject
Project("{FAE04EC0-301F-11D3-BF4B-00C04F79EFBC}") = "TestUtil", "TestUtil\TestUtil.csproj", "{D50B6E2B-5E20-410D-B033-DEBB6B695E77}"
EndProject
Project("{54435603-DBB4-11D2-8724-00A0C9A8B90C}") = "Setup", "Setup\Setup.vdproj", "{F9A33405-AD64-4FD2-AE34-212CBB2EEA38}"
EndProject
Global
	GlobalSection(TestCaseManagementSettings) = postSolution
		CategoryFile = PPen1.vsmdi
	EndGlobalSection
	GlobalSection(SolutionConfigurationPlatforms) = preSolution
		Debug|Any CPU = Debug|Any CPU
		Debug|Mixed Platforms = Debug|Mixed Platforms
		Debug|x86 = Debug|x86
		Release|Any CPU = Release|Any CPU
		Release|Mixed Platforms = Release|Mixed Platforms
		Release|x86 = Release|x86
	EndGlobalSection
	GlobalSection(ProjectConfigurationPlatforms) = postSolution
		{C1715D94-3BEB-4D86-8402-80A57C9D11C5}.Debug|Any CPU.ActiveCfg = Debug|Any CPU
		{C1715D94-3BEB-4D86-8402-80A57C9D11C5}.Debug|Any CPU.Build.0 = Debug|Any CPU
		{C1715D94-3BEB-4D86-8402-80A57C9D11C5}.Debug|Mixed Platforms.ActiveCfg = Debug|Any CPU
		{C1715D94-3BEB-4D86-8402-80A57C9D11C5}.Debug|Mixed Platforms.Build.0 = Debug|Any CPU
		{C1715D94-3BEB-4D86-8402-80A57C9D11C5}.Debug|x86.ActiveCfg = Debug|Any CPU
		{C1715D94-3BEB-4D86-8402-80A57C9D11C5}.Release|Any CPU.ActiveCfg = Release|Any CPU
		{C1715D94-3BEB-4D86-8402-80A57C9D11C5}.Release|Any CPU.Build.0 = Release|Any CPU
		{C1715D94-3BEB-4D86-8402-80A57C9D11C5}.Release|Mixed Platforms.ActiveCfg = Release|Any CPU
		{C1715D94-3BEB-4D86-8402-80A57C9D11C5}.Release|Mixed Platforms.Build.0 = Release|Any CPU
		{C1715D94-3BEB-4D86-8402-80A57C9D11C5}.Release|x86.ActiveCfg = Release|Any CPU
		{0690D25C-7696-4B7A-9AAB-FBBCAFD0EEF5}.Debug|Any CPU.ActiveCfg = Debug|Any CPU
		{0690D25C-7696-4B7A-9AAB-FBBCAFD0EEF5}.Debug|Any CPU.Build.0 = Debug|Any CPU
		{0690D25C-7696-4B7A-9AAB-FBBCAFD0EEF5}.Debug|Mixed Platforms.ActiveCfg = Debug|Any CPU
		{0690D25C-7696-4B7A-9AAB-FBBCAFD0EEF5}.Debug|Mixed Platforms.Build.0 = Debug|Any CPU
		{0690D25C-7696-4B7A-9AAB-FBBCAFD0EEF5}.Debug|x86.ActiveCfg = Debug|Any CPU
		{0690D25C-7696-4B7A-9AAB-FBBCAFD0EEF5}.Release|Any CPU.ActiveCfg = Release|Any CPU
		{0690D25C-7696-4B7A-9AAB-FBBCAFD0EEF5}.Release|Any CPU.Build.0 = Release|Any CPU
		{0690D25C-7696-4B7A-9AAB-FBBCAFD0EEF5}.Release|Mixed Platforms.ActiveCfg = Release|Any CPU
		{0690D25C-7696-4B7A-9AAB-FBBCAFD0EEF5}.Release|Mixed Platforms.Build.0 = Release|Any CPU
		{0690D25C-7696-4B7A-9AAB-FBBCAFD0EEF5}.Release|x86.ActiveCfg = Release|Any CPU
		{D50B6E2B-5E20-410D-B033-DEBB6B695E77}.Debug|Any CPU.ActiveCfg = Debug|Any CPU
		{D50B6E2B-5E20-410D-B033-DEBB6B695E77}.Debug|Any CPU.Build.0 = Debug|Any CPU
		{D50B6E2B-5E20-410D-B033-DEBB6B695E77}.Debug|Mixed Platforms.ActiveCfg = Debug|Any CPU
		{D50B6E2B-5E20-410D-B033-DEBB6B695E77}.Debug|Mixed Platforms.Build.0 = Debug|Any CPU
		{D50B6E2B-5E20-410D-B033-DEBB6B695E77}.Debug|x86.ActiveCfg = Debug|Any CPU
		{D50B6E2B-5E20-410D-B033-DEBB6B695E77}.Release|Any CPU.ActiveCfg = Release|Any CPU
		{D50B6E2B-5E20-410D-B033-DEBB6B695E77}.Release|Any CPU.Build.0 = Release|Any CPU
		{D50B6E2B-5E20-410D-B033-DEBB6B695E77}.Release|Mixed Platforms.ActiveCfg = Release|Any CPU
		{D50B6E2B-5E20-410D-B033-DEBB6B695E77}.Release|Mixed Platforms.Build.0 = Release|Any CPU
		{D50B6E2B-5E20-410D-B033-DEBB6B695E77}.Release|x86.ActiveCfg = Release|Any CPU
		{F9A33405-AD64-4FD2-AE34-212CBB2EEA38}.Debug|Any CPU.ActiveCfg = Debug
		{F9A33405-AD64-4FD2-AE34-212CBB2EEA38}.Debug|Mixed Platforms.ActiveCfg = Debug
		{F9A33405-AD64-4FD2-AE34-212CBB2EEA38}.Debug|x86.ActiveCfg = Debug
		{F9A33405-AD64-4FD2-AE34-212CBB2EEA38}.Debug|x86.Build.0 = Debug
		{F9A33405-AD64-4FD2-AE34-212CBB2EEA38}.Release|Any CPU.ActiveCfg = Release
		{F9A33405-AD64-4FD2-AE34-212CBB2EEA38}.Release|Any CPU.Build.0 = Release
		{F9A33405-AD64-4FD2-AE34-212CBB2EEA38}.Release|Mixed Platforms.ActiveCfg = Release
		{F9A33405-AD64-4FD2-AE34-212CBB2EEA38}.Release|Mixed Platforms.Build.0 = Release
		{F9A33405-AD64-4FD2-AE34-212CBB2EEA38}.Release|x86.ActiveCfg = Release
		{F9A33405-AD64-4FD2-AE34-212CBB2EEA38}.Release|x86.Build.0 = Release
	EndGlobalSection
	GlobalSection(SolutionProperties) = preSolution
		HideSolutionNode = FALSE
	EndGlobalSection
EndGlobal
