
Microsoft Visual Studio Solution File, Format Version 12.00
# Visual Studio 15
VisualStudioVersion = 15.0.26730.16
MinimumVisualStudioVersion = 10.0.40219.1
Project("{FAE04EC0-301F-11D3-BF4B-00C04F79EFBC}") = "SymbolImages", "SymbolImages\SymbolImages.csproj", "{CCAA5648-2CE4-4BA4-9ACA-DEC8EEFD7124}"
EndProject
Global
	GlobalSection(SolutionConfigurationPlatforms) = preSolution
		Debug|Any CPU = Debug|Any CPU
		Release|Any CPU = Release|Any CPU
	EndGlobalSection
	GlobalSection(ProjectConfigurationPlatforms) = postSolution
		{CCAA5648-2CE4-4BA4-9ACA-DEC8EEFD7124}.Debug|Any CPU.ActiveCfg = Debug|Any CPU
		{CCAA5648-2CE4-4BA4-9ACA-DEC8EEFD7124}.Debug|Any CPU.Build.0 = Debug|Any CPU
		{CCAA5648-2CE4-4BA4-9ACA-DEC8EEFD7124}.Release|Any CPU.ActiveCfg = Release|Any CPU
		{CCAA5648-2CE4-4BA4-9ACA-DEC8EEFD7124}.Release|Any CPU.Build.0 = Release|Any CPU
	EndGlobalSection
	GlobalSection(SolutionProperties) = preSolution
		HideSolutionNode = FALSE
	EndGlobalSection
	GlobalSection(ExtensibilityGlobals) = postSolution
		SolutionGuid = {4771BF75-4E5F-466E-8697-CE1C377F982E}
	EndGlobalSection
EndGlobal
