
Microsoft Visual Studio Solution File, Format Version 12.00
# Visual Studio 15
VisualStudioVersion = 15.0.26730.16
MinimumVisualStudioVersion = 10.0.40219.1
Project("{FAE04EC0-301F-11D3-BF4B-00C04F79EFBC}") = "WebApplication1", "WebApplication1\WebApplication1.csproj", "{91315DCD-5D0C-4DFC-B398-03B2E9A2AC98}"
EndProject
Global
	GlobalSection(SolutionConfigurationPlatforms) = preSolution
		Debug|Any CPU = Debug|Any CPU
		Release|Any CPU = Release|Any CPU
	EndGlobalSection
	GlobalSection(ProjectConfigurationPlatforms) = postSolution
		{91315DCD-5D0C-4DFC-B398-03B2E9A2AC98}.Debug|Any CPU.ActiveCfg = Debug|Any CPU
		{91315DCD-5D0C-4DFC-B398-03B2E9A2AC98}.Debug|Any CPU.Build.0 = Debug|Any CPU
		{91315DCD-5D0C-4DFC-B398-03B2E9A2AC98}.Release|Any CPU.ActiveCfg = Release|Any CPU
		{91315DCD-5D0C-4DFC-B398-03B2E9A2AC98}.Release|Any CPU.Build.0 = Release|Any CPU
	EndGlobalSection
	GlobalSection(SolutionProperties) = preSolution
		HideSolutionNode = FALSE
	EndGlobalSection
	GlobalSection(ExtensibilityGlobals) = postSolution
		SolutionGuid = {BAE6EF75-24D1-4864-942E-B2E30A7F0744}
	EndGlobalSection
EndGlobal
